{
  "version": 4,
  "terraform_version": "1.2.2",
  "serial": 18,
  "lineage": "e6eb9d20-e074-292f-c69c-fd58af98916c",
  "outputs": {
    "config_map_aws_auth": {
      "value": "\r\n\r\napiVersion: v1\r\nkind: ConfigMap\r\nmetadata:\r\n  name: aws-auth\r\n  namespace: kube-system\r\ndata:\r\n  mapRoles: |\r\n    - rolearn: arn:aws:iam::623469066856:role/mol-eks-demo-node\r\n      username: system:node:{{EC2PrivateDNSName}}\r\n      groups:\r\n        - system:bootstrappers\r\n        - system:nodes\r\n",
      "type": "string"
    },
    "kubeconfig": {
      "value": "\r\n\r\napiVersion: v1\r\nclusters:\r\n- cluster:\r\n    server: https://2BB97D75DB132861FABFF888006DCDCA.gr7.us-east-2.eks.amazonaws.com\r\n    certificate-authority-data: LS0tLS1CRUdJTiBDRVJUSUZJQ0FURS0tLS0tCk1JSUMvakNDQWVhZ0F3SUJBZ0lCQURBTkJna3Foa2lHOXcwQkFRc0ZBREFWTVJNd0VRWURWUVFERXdwcmRXSmwKY201bGRHVnpNQjRYRFRJeU1Ea3hNekF5TWpBME9Gb1hEVE15TURreE1EQXlNakEwT0Zvd0ZURVRNQkVHQTFVRQpBeE1LYTNWaVpYSnVaWFJsY3pDQ0FTSXdEUVlKS29aSWh2Y05BUUVCQlFBRGdnRVBBRENDQVFvQ2dnRUJBTUdwCm1BWWZXeHpHK05CTG5lYmp5dFNURzNRbGlPYjVtUXhMTHFML3lrZHpCQi81UzdzTkg4ZUw2Y1JNZ0dHVnFhRE8KcEpPMjJULzZLc0xFRFVBQmNWY0ZRSVQ3Y0RkcXVVa1VRQVI0eW9YUHozRU0zcytOaS9xODA5T244cTVSRlY4NwpWZXkvcjRpVU05QU55eXU5T0tRN1BPVW9IcUViclFiZVBzckt5MzR1b3hnV2dQTHFtWFl3V1dvKzc0NlpQTGhGCmVKMllUL2M2Mm16WVdNV2dTNy9BNG8zbzBXajRGenBrK3VaYzllRWMxYm15YXpqNWp4cTc0a09hb1pyTFVJY2IKOXJtSEpxL0gxNVlHTTJvR2RzUW1yUTlXSEF3Sk4zQ2ZONEduZWFrbkprVWVVV2VkeXpVWlhTNWgyUytMTDlVeQo4eGJtUmNvRm9pS1VuSndlL0hrQ0F3RUFBYU5aTUZjd0RnWURWUjBQQVFIL0JBUURBZ0trTUE4R0ExVWRFd0VCCi93UUZNQU1CQWY4d0hRWURWUjBPQkJZRUZFaTRobFBObWtpdm11RWFZR3NNMmNmZTA0NDBNQlVHQTFVZEVRUU8KTUF5Q0NtdDFZbVZ5Ym1WMFpYTXdEUVlKS29aSWh2Y05BUUVMQlFBRGdnRUJBQjN1UmhCSExvTzI2emY4enVNVApvNUV0a0QrdlQvZ2p0eEUwUUhjemorOW1ZS0lSSm5DZVd1VmE1ckRNWnRSdXlKbEh3TmoxK0dEV1VWN213YzZjCk02RDQ3cnFVUTFodmxOZmJQWjg4WlN1VElsUk1OT0l4RHZiam9RcGpiVE8wN1BBaDN3Nk1kVjNQRXVRRDdYM1QKdHNSOHprcm4vKzVWSzhpV0grK0tvdWZnbU0zSHBZU1JxRmNCM0kxcDE3Q3BNM1EyYnlYZEdJTldsZVhXaEZwVApBZHJsUEVSOGV6QzdiVXFOUVlYNlFCOFh5MXo5blAwL2wveURoZ281SDlNT1FJY1VubHAxeS9BcmJmNkt4dXRJCjQ4dlBjUnBLdGNiN3psZDdnZDYxZGQ4b3Q2ZHVQQzV6MU5rT3dLWjN3WTA2MjFTK0RnTDVUOGxxZGRmbVdnUmQKYS9zPQotLS0tLUVORCBDRVJUSUZJQ0FURS0tLS0tCg==\r\n  name: kubernetes\r\ncontexts:\r\n- context:\r\n    cluster: kubernetes\r\n    user: aws\r\n  name: aws\r\ncurrent-context: aws\r\nkind: Config\r\npreferences: {}\r\nusers:\r\n- name: aws\r\n  user:\r\n    exec:\r\n      apiVersion: client.authentication.k8s.io/v1beta1\r\n      command: aws-iam-authenticator\r\n      args:\r\n        - \"token\"\r\n        - \"-i\"\r\n        - \"mol-control-m-eks-demo\"\r\n",
      "type": "string"
    }
  },
  "resources": [
    {
      "mode": "data",
      "type": "aws_availability_zones",
      "name": "available",
      "provider": "provider[\"registry.terraform.io/hashicorp/aws\"]",
      "instances": [
        {
          "schema_version": 0,
          "attributes": {
            "all_availability_zones": null,
            "exclude_names": null,
            "exclude_zone_ids": null,
            "filter": null,
            "group_names": [
              "us-east-2"
            ],
            "id": "us-east-2",
            "names": [
              "us-east-2a",
              "us-east-2b",
              "us-east-2c"
            ],
            "state": null,
            "timeouts": null,
            "zone_ids": [
              "use2-az1",
              "use2-az2",
              "use2-az3"
            ]
          },
          "sensitive_attributes": []
        }
      ]
    },
    {
      "mode": "data",
      "type": "http",
      "name": "workstation-external-ip",
      "provider": "provider[\"registry.terraform.io/hashicorp/http\"]",
      "instances": [
        {
          "schema_version": 0,
          "attributes": {
            "body": "172.58.180.240\n",
            "id": "http://ipv4.icanhazip.com",
            "method": null,
            "request_body": null,
            "request_headers": null,
            "response_body": "172.58.180.240\n",
            "response_headers": {
              "Access-Control-Allow-Methods": "GET",
              "Access-Control-Allow-Origin": "*",
              "Alt-Svc": "h3=\":443\"; ma=86400, h3-29=\":443\"; ma=86400",
              "Cf-Ray": "749d5f4f2dc9eb2f-DFW",
              "Connection": "keep-alive",
              "Content-Length": "15",
              "Content-Type": "text/plain",
              "Date": "Tue, 13 Sep 2022 02:14:57 GMT",
              "Server": "cloudflare",
              "Set-Cookie": "__cf_bm=LaW_f1sRGGGZZx5JIMuBgkMpUbuFogjnKEPgUKDk_IU-1663035297-0-AQJ3/N7rrpIxmYLdZdu0af0LAoAHF44fcC3YCfS0sH5tzB9p97g2oraIP1KGKRAQWMe7LrtU96W5HghbYKI7m68=; path=/; expires=Tue, 13-Sep-22 02:44:57 GMT; domain=.icanhazip.com; HttpOnly; SameSite=None",
              "Vary": "Accept-Encoding"
            },
            "status_code": 200,
            "url": "http://ipv4.icanhazip.com"
          },
          "sensitive_attributes": []
        }
      ]
    },
    {
      "mode": "managed",
      "type": "aws_eks_cluster",
      "name": "demo",
      "provider": "provider[\"registry.terraform.io/hashicorp/aws\"]",
      "instances": [
        {
          "schema_version": 0,
          "attributes": {
            "arn": "arn:aws:eks:us-east-2:623469066856:cluster/mol-control-m-eks-demo",
            "certificate_authority": [
              {
                "data": "LS0tLS1CRUdJTiBDRVJUSUZJQ0FURS0tLS0tCk1JSUMvakNDQWVhZ0F3SUJBZ0lCQURBTkJna3Foa2lHOXcwQkFRc0ZBREFWTVJNd0VRWURWUVFERXdwcmRXSmwKY201bGRHVnpNQjRYRFRJeU1Ea3hNekF5TWpBME9Gb1hEVE15TURreE1EQXlNakEwT0Zvd0ZURVRNQkVHQTFVRQpBeE1LYTNWaVpYSnVaWFJsY3pDQ0FTSXdEUVlKS29aSWh2Y05BUUVCQlFBRGdnRVBBRENDQVFvQ2dnRUJBTUdwCm1BWWZXeHpHK05CTG5lYmp5dFNURzNRbGlPYjVtUXhMTHFML3lrZHpCQi81UzdzTkg4ZUw2Y1JNZ0dHVnFhRE8KcEpPMjJULzZLc0xFRFVBQmNWY0ZRSVQ3Y0RkcXVVa1VRQVI0eW9YUHozRU0zcytOaS9xODA5T244cTVSRlY4NwpWZXkvcjRpVU05QU55eXU5T0tRN1BPVW9IcUViclFiZVBzckt5MzR1b3hnV2dQTHFtWFl3V1dvKzc0NlpQTGhGCmVKMllUL2M2Mm16WVdNV2dTNy9BNG8zbzBXajRGenBrK3VaYzllRWMxYm15YXpqNWp4cTc0a09hb1pyTFVJY2IKOXJtSEpxL0gxNVlHTTJvR2RzUW1yUTlXSEF3Sk4zQ2ZONEduZWFrbkprVWVVV2VkeXpVWlhTNWgyUytMTDlVeQo4eGJtUmNvRm9pS1VuSndlL0hrQ0F3RUFBYU5aTUZjd0RnWURWUjBQQVFIL0JBUURBZ0trTUE4R0ExVWRFd0VCCi93UUZNQU1CQWY4d0hRWURWUjBPQkJZRUZFaTRobFBObWtpdm11RWFZR3NNMmNmZTA0NDBNQlVHQTFVZEVRUU8KTUF5Q0NtdDFZbVZ5Ym1WMFpYTXdEUVlKS29aSWh2Y05BUUVMQlFBRGdnRUJBQjN1UmhCSExvTzI2emY4enVNVApvNUV0a0QrdlQvZ2p0eEUwUUhjemorOW1ZS0lSSm5DZVd1VmE1ckRNWnRSdXlKbEh3TmoxK0dEV1VWN213YzZjCk02RDQ3cnFVUTFodmxOZmJQWjg4WlN1VElsUk1OT0l4RHZiam9RcGpiVE8wN1BBaDN3Nk1kVjNQRXVRRDdYM1QKdHNSOHprcm4vKzVWSzhpV0grK0tvdWZnbU0zSHBZU1JxRmNCM0kxcDE3Q3BNM1EyYnlYZEdJTldsZVhXaEZwVApBZHJsUEVSOGV6QzdiVXFOUVlYNlFCOFh5MXo5blAwL2wveURoZ281SDlNT1FJY1VubHAxeS9BcmJmNkt4dXRJCjQ4dlBjUnBLdGNiN3psZDdnZDYxZGQ4b3Q2ZHVQQzV6MU5rT3dLWjN3WTA2MjFTK0RnTDVUOGxxZGRmbVdnUmQKYS9zPQotLS0tLUVORCBDRVJUSUZJQ0FURS0tLS0tCg=="
              }
            ],
            "created_at": "2022-09-13 02:15:17.448 +0000 UTC",
            "enabled_cluster_log_types": null,
            "encryption_config": [],
            "endpoint": "https://2BB97D75DB132861FABFF888006DCDCA.gr7.us-east-2.eks.amazonaws.com",
            "id": "mol-control-m-eks-demo",
            "identity": [
              {
                "oidc": [
                  {
                    "issuer": "https://oidc.eks.us-east-2.amazonaws.com/id/2BB97D75DB132861FABFF888006DCDCA"
                  }
                ]
              }
            ],
            "kubernetes_network_config": [
              {
                "ip_family": "ipv4",
                "service_ipv4_cidr": "172.20.0.0/16"
              }
            ],
            "name": "mol-control-m-eks-demo",
            "platform_version": "eks.5",
            "role_arn": "arn:aws:iam::623469066856:role/mol-eks-demo-cluster",
            "status": "ACTIVE",
            "tags": null,
            "tags_all": {},
            "timeouts": null,
            "version": "1.22",
            "vpc_config": [
              {
                "cluster_security_group_id": "sg-07a42b471da4e1021",
                "endpoint_private_access": false,
                "endpoint_public_access": true,
                "public_access_cidrs": [
                  "0.0.0.0/0"
                ],
                "security_group_ids": [
                  "sg-0ff22cfc61de97b4a"
                ],
                "subnet_ids": [
                  "subnet-06b67b1b87ad714ac",
                  "subnet-0d6bda5b9c49bd37e"
                ],
                "vpc_id": "vpc-024e047739fd0741a"
              }
            ]
          },
          "sensitive_attributes": [],
          "private": "eyJlMmJmYjczMC1lY2FhLTExZTYtOGY4OC0zNDM2M2JjN2M0YzAiOnsiY3JlYXRlIjoxODAwMDAwMDAwMDAwLCJkZWxldGUiOjkwMDAwMDAwMDAwMCwidXBkYXRlIjozNjAwMDAwMDAwMDAwfX0=",
          "dependencies": [
            "aws_iam_role.demo-cluster",
            "aws_iam_role_policy_attachment.demo-cluster-AmazonEKSClusterPolicy",
            "aws_iam_role_policy_attachment.demo-cluster-AmazonEKSVPCResourceController",
            "aws_security_group.demo-cluster",
            "aws_subnet.demo",
            "aws_vpc.demo",
            "data.aws_availability_zones.available"
          ]
        }
      ]
    },
    {
      "mode": "managed",
      "type": "aws_eks_node_group",
      "name": "demo",
      "provider": "provider[\"registry.terraform.io/hashicorp/aws\"]",
      "instances": [
        {
          "schema_version": 0,
          "attributes": {
            "ami_type": "AL2_x86_64",
            "arn": "arn:aws:eks:us-east-2:623469066856:nodegroup/mol-control-m-eks-demo/demo/d2c19a55-2b97-77fc-65f8-a6ad102a4ff0",
            "capacity_type": "ON_DEMAND",
            "cluster_name": "mol-control-m-eks-demo",
            "disk_size": 20,
            "force_update_version": null,
            "id": "mol-control-m-eks-demo:demo",
            "instance_types": [
              "t3.medium"
            ],
            "labels": null,
            "launch_template": [],
            "node_group_name": "demo",
            "node_group_name_prefix": "",
            "node_role_arn": "arn:aws:iam::623469066856:role/mol-eks-demo-node",
            "release_version": "1.22.12-20220824",
            "remote_access": [],
            "resources": [
              {
                "autoscaling_groups": [
                  {
                    "name": "eks-demo-d2c19a55-2b97-77fc-65f8-a6ad102a4ff0"
                  }
                ],
                "remote_access_security_group_id": ""
              }
            ],
            "scaling_config": [
              {
                "desired_size": 1,
                "max_size": 1,
                "min_size": 1
              }
            ],
            "status": "ACTIVE",
            "subnet_ids": [
              "subnet-06b67b1b87ad714ac",
              "subnet-0d6bda5b9c49bd37e"
            ],
            "tags": null,
            "tags_all": {},
            "taint": [],
            "timeouts": null,
            "update_config": [
              {
                "max_unavailable": 1,
                "max_unavailable_percentage": 0
              }
            ],
            "version": "1.22"
          },
          "sensitive_attributes": [],
          "private": "eyJlMmJmYjczMC1lY2FhLTExZTYtOGY4OC0zNDM2M2JjN2M0YzAiOnsiY3JlYXRlIjozNjAwMDAwMDAwMDAwLCJkZWxldGUiOjM2MDAwMDAwMDAwMDAsInVwZGF0ZSI6MzYwMDAwMDAwMDAwMH19",
          "dependencies": [
            "aws_eks_cluster.demo",
            "aws_iam_role.demo-cluster",
            "aws_iam_role.demo-node",
            "aws_iam_role_policy_attachment.demo-cluster-AmazonEKSClusterPolicy",
            "aws_iam_role_policy_attachment.demo-cluster-AmazonEKSVPCResourceController",
            "aws_iam_role_policy_attachment.demo-node-AmazonEC2ContainerRegistryReadOnly",
            "aws_iam_role_policy_attachment.demo-node-AmazonEKSWorkerNodePolicy",
            "aws_iam_role_policy_attachment.demo-node-AmazonEKS_CNI_Policy",
            "aws_security_group.demo-cluster",
            "aws_subnet.demo",
            "aws_vpc.demo",
            "data.aws_availability_zones.available"
          ]
        }
      ]
    },
    {
      "mode": "managed",
      "type": "aws_iam_role",
      "name": "demo-cluster",
      "provider": "provider[\"registry.terraform.io/hashicorp/aws\"]",
      "instances": [
        {
          "schema_version": 0,
          "attributes": {
            "arn": "arn:aws:iam::623469066856:role/mol-eks-demo-cluster",
            "assume_role_policy": "{\"Statement\":[{\"Action\":\"sts:AssumeRole\",\"Effect\":\"Allow\",\"Principal\":{\"Service\":\"eks.amazonaws.com\"}}],\"Version\":\"2012-10-17\"}",
            "create_date": "2022-09-13T02:15:03Z",
            "description": "",
            "force_detach_policies": false,
            "id": "mol-eks-demo-cluster",
            "inline_policy": [],
            "managed_policy_arns": [],
            "max_session_duration": 3600,
            "name": "mol-eks-demo-cluster",
            "name_prefix": "",
            "path": "/",
            "permissions_boundary": null,
            "tags": null,
            "tags_all": {},
            "unique_id": "AROAZCKNG7JUI3WQVEI4W"
          },
          "sensitive_attributes": [],
          "private": "bnVsbA=="
        }
      ]
    },
    {
      "mode": "managed",
      "type": "aws_iam_role",
      "name": "demo-node",
      "provider": "provider[\"registry.terraform.io/hashicorp/aws\"]",
      "instances": [
        {
          "schema_version": 0,
          "attributes": {
            "arn": "arn:aws:iam::623469066856:role/mol-eks-demo-node",
            "assume_role_policy": "{\"Statement\":[{\"Action\":\"sts:AssumeRole\",\"Effect\":\"Allow\",\"Principal\":{\"Service\":\"ec2.amazonaws.com\"}}],\"Version\":\"2012-10-17\"}",
            "create_date": "2022-09-13T02:15:03Z",
            "description": "",
            "force_detach_policies": false,
            "id": "mol-eks-demo-node",
            "inline_policy": [],
            "managed_policy_arns": [],
            "max_session_duration": 3600,
            "name": "mol-eks-demo-node",
            "name_prefix": "",
            "path": "/",
            "permissions_boundary": null,
            "tags": null,
            "tags_all": {},
            "unique_id": "AROAZCKNG7JUGBFEQUT3R"
          },
          "sensitive_attributes": [],
          "private": "bnVsbA=="
        }
      ]
    },
    {
      "mode": "managed",
      "type": "aws_iam_role_policy_attachment",
      "name": "demo-cluster-AmazonEKSClusterPolicy",
      "provider": "provider[\"registry.terraform.io/hashicorp/aws\"]",
      "instances": [
        {
          "schema_version": 0,
          "attributes": {
            "id": "mol-eks-demo-cluster-20220913021504177300000001",
            "policy_arn": "arn:aws:iam::aws:policy/AmazonEKSClusterPolicy",
            "role": "mol-eks-demo-cluster"
          },
          "sensitive_attributes": [],
          "private": "bnVsbA==",
          "dependencies": [
            "aws_iam_role.demo-cluster"
          ]
        }
      ]
    },
    {
      "mode": "managed",
      "type": "aws_iam_role_policy_attachment",
      "name": "demo-cluster-AmazonEKSVPCResourceController",
      "provider": "provider[\"registry.terraform.io/hashicorp/aws\"]",
      "instances": [
        {
          "schema_version": 0,
          "attributes": {
            "id": "mol-eks-demo-cluster-20220913021504185300000002",
            "policy_arn": "arn:aws:iam::aws:policy/AmazonEKSVPCResourceController",
            "role": "mol-eks-demo-cluster"
          },
          "sensitive_attributes": [],
          "private": "bnVsbA==",
          "dependencies": [
            "aws_iam_role.demo-cluster"
          ]
        }
      ]
    },
    {
      "mode": "managed",
      "type": "aws_iam_role_policy_attachment",
      "name": "demo-node-AmazonEC2ContainerRegistryReadOnly",
      "provider": "provider[\"registry.terraform.io/hashicorp/aws\"]",
      "instances": [
        {
          "schema_version": 0,
          "attributes": {
            "id": "mol-eks-demo-node-20220913021504378500000005",
            "policy_arn": "arn:aws:iam::aws:policy/AmazonEC2ContainerRegistryReadOnly",
            "role": "mol-eks-demo-node"
          },
          "sensitive_attributes": [],
          "private": "bnVsbA==",
          "dependencies": [
            "aws_iam_role.demo-node"
          ]
        }
      ]
    },
    {
      "mode": "managed",
      "type": "aws_iam_role_policy_attachment",
      "name": "demo-node-AmazonEKSWorkerNodePolicy",
      "provider": "provider[\"registry.terraform.io/hashicorp/aws\"]",
      "instances": [
        {
          "schema_version": 0,
          "attributes": {
            "id": "mol-eks-demo-node-20220913021504323000000003",
            "policy_arn": "arn:aws:iam::aws:policy/AmazonEKSWorkerNodePolicy",
            "role": "mol-eks-demo-node"
          },
          "sensitive_attributes": [],
          "private": "bnVsbA==",
          "dependencies": [
            "aws_iam_role.demo-node"
          ]
        }
      ]
    },
    {
      "mode": "managed",
      "type": "aws_iam_role_policy_attachment",
      "name": "demo-node-AmazonEKS_CNI_Policy",
      "provider": "provider[\"registry.terraform.io/hashicorp/aws\"]",
      "instances": [
        {
          "schema_version": 0,
          "attributes": {
            "id": "mol-eks-demo-node-20220913021504337000000004",
            "policy_arn": "arn:aws:iam::aws:policy/AmazonEKS_CNI_Policy",
            "role": "mol-eks-demo-node"
          },
          "sensitive_attributes": [],
          "private": "bnVsbA==",
          "dependencies": [
            "aws_iam_role.demo-node"
          ]
        }
      ]
    },
    {
      "mode": "managed",
      "type": "aws_internet_gateway",
      "name": "demo",
      "provider": "provider[\"registry.terraform.io/hashicorp/aws\"]",
      "instances": [
        {
          "schema_version": 0,
          "attributes": {
            "arn": "arn:aws:ec2:us-east-2:623469066856:internet-gateway/igw-0348735439fd83e25",
            "id": "igw-0348735439fd83e25",
            "owner_id": "623469066856",
            "tags": {
              "Name": "mol-eks-demo"
            },
            "tags_all": {
              "Name": "mol-eks-demo"
            },
            "timeouts": null,
            "vpc_id": "vpc-024e047739fd0741a"
          },
          "sensitive_attributes": [],
          "private": "eyJlMmJmYjczMC1lY2FhLTExZTYtOGY4OC0zNDM2M2JjN2M0YzAiOnsiY3JlYXRlIjoxMjAwMDAwMDAwMDAwLCJkZWxldGUiOjEyMDAwMDAwMDAwMDAsInVwZGF0ZSI6MTIwMDAwMDAwMDAwMH19",
          "dependencies": [
            "aws_vpc.demo"
          ]
        }
      ]
    },
    {
      "mode": "managed",
      "type": "aws_route_table",
      "name": "demo",
      "provider": "provider[\"registry.terraform.io/hashicorp/aws\"]",
      "instances": [
        {
          "schema_version": 0,
          "attributes": {
            "arn": "arn:aws:ec2:us-east-2:623469066856:route-table/rtb-0bf271ce12c104141",
            "id": "rtb-0bf271ce12c104141",
            "owner_id": "623469066856",
            "propagating_vgws": [],
            "route": [
              {
                "carrier_gateway_id": "",
                "cidr_block": "0.0.0.0/0",
                "core_network_arn": "",
                "destination_prefix_list_id": "",
                "egress_only_gateway_id": "",
                "gateway_id": "igw-0348735439fd83e25",
                "instance_id": "",
                "ipv6_cidr_block": "",
                "local_gateway_id": "",
                "nat_gateway_id": "",
                "network_interface_id": "",
                "transit_gateway_id": "",
                "vpc_endpoint_id": "",
                "vpc_peering_connection_id": ""
              }
            ],
            "tags": null,
            "tags_all": {},
            "timeouts": null,
            "vpc_id": "vpc-024e047739fd0741a"
          },
          "sensitive_attributes": [],
          "private": "eyJlMmJmYjczMC1lY2FhLTExZTYtOGY4OC0zNDM2M2JjN2M0YzAiOnsiY3JlYXRlIjozMDAwMDAwMDAwMDAsImRlbGV0ZSI6MzAwMDAwMDAwMDAwLCJ1cGRhdGUiOjEyMDAwMDAwMDAwMH19",
          "dependencies": [
            "aws_internet_gateway.demo",
            "aws_vpc.demo"
          ]
        }
      ]
    },
    {
      "mode": "managed",
      "type": "aws_route_table_association",
      "name": "demo",
      "provider": "provider[\"registry.terraform.io/hashicorp/aws\"]",
      "instances": [
        {
          "index_key": 0,
          "schema_version": 0,
          "attributes": {
            "gateway_id": "",
            "id": "rtbassoc-084d7b29ba54bb75b",
            "route_table_id": "rtb-0bf271ce12c104141",
            "subnet_id": "subnet-06b67b1b87ad714ac"
          },
          "sensitive_attributes": [],
          "private": "bnVsbA==",
          "dependencies": [
            "aws_internet_gateway.demo",
            "aws_route_table.demo",
            "aws_subnet.demo",
            "aws_vpc.demo",
            "data.aws_availability_zones.available"
          ]
        },
        {
          "index_key": 1,
          "schema_version": 0,
          "attributes": {
            "gateway_id": "",
            "id": "rtbassoc-054620bb550c08566",
            "route_table_id": "rtb-0bf271ce12c104141",
            "subnet_id": "subnet-0d6bda5b9c49bd37e"
          },
          "sensitive_attributes": [],
          "private": "bnVsbA==",
          "dependencies": [
            "aws_internet_gateway.demo",
            "aws_route_table.demo",
            "aws_subnet.demo",
            "aws_vpc.demo",
            "data.aws_availability_zones.available"
          ]
        }
      ]
    },
    {
      "mode": "managed",
      "type": "aws_security_group",
      "name": "demo-cluster",
      "provider": "provider[\"registry.terraform.io/hashicorp/aws\"]",
      "instances": [
        {
          "schema_version": 1,
          "attributes": {
            "arn": "arn:aws:ec2:us-east-2:623469066856:security-group/sg-0ff22cfc61de97b4a",
            "description": "Cluster communication with worker nodes",
            "egress": [
              {
                "cidr_blocks": [
                  "0.0.0.0/0"
                ],
                "description": "",
                "from_port": 0,
                "ipv6_cidr_blocks": [],
                "prefix_list_ids": [],
                "protocol": "-1",
                "security_groups": [],
                "self": false,
                "to_port": 0
              }
            ],
            "id": "sg-0ff22cfc61de97b4a",
            "ingress": [],
            "name": "mol-eks-demo-cluster",
            "name_prefix": "",
            "owner_id": "623469066856",
            "revoke_rules_on_delete": false,
            "tags": {
              "Name": "mol-eks-demo"
            },
            "tags_all": {
              "Name": "mol-eks-demo"
            },
            "timeouts": null,
            "vpc_id": "vpc-024e047739fd0741a"
          },
          "sensitive_attributes": [],
          "private": "eyJlMmJmYjczMC1lY2FhLTExZTYtOGY4OC0zNDM2M2JjN2M0YzAiOnsiY3JlYXRlIjo2MDAwMDAwMDAwMDAsImRlbGV0ZSI6OTAwMDAwMDAwMDAwfSwic2NoZW1hX3ZlcnNpb24iOiIxIn0=",
          "dependencies": [
            "aws_vpc.demo"
          ]
        }
      ]
    },
    {
      "mode": "managed",
      "type": "aws_security_group_rule",
      "name": "demo-cluster-ingress-workstation-https",
      "provider": "provider[\"registry.terraform.io/hashicorp/aws\"]",
      "instances": [
        {
          "schema_version": 2,
          "attributes": {
            "cidr_blocks": [
              "172.58.180.240/32"
            ],
            "description": "Allow workstation to communicate with the cluster API Server",
            "from_port": 443,
            "id": "sgrule-1339632294",
            "ipv6_cidr_blocks": null,
            "prefix_list_ids": null,
            "protocol": "tcp",
            "security_group_id": "sg-0ff22cfc61de97b4a",
            "self": false,
            "source_security_group_id": null,
            "timeouts": null,
            "to_port": 443,
            "type": "ingress"
          },
          "sensitive_attributes": [],
          "private": "eyJlMmJmYjczMC1lY2FhLTExZTYtOGY4OC0zNDM2M2JjN2M0YzAiOnsiY3JlYXRlIjozMDAwMDAwMDAwMDB9LCJzY2hlbWFfdmVyc2lvbiI6IjIifQ==",
          "dependencies": [
            "aws_security_group.demo-cluster",
            "aws_vpc.demo",
            "data.http.workstation-external-ip"
          ]
        }
      ]
    },
    {
      "mode": "managed",
      "type": "aws_subnet",
      "name": "demo",
      "provider": "provider[\"registry.terraform.io/hashicorp/aws\"]",
      "instances": [
        {
          "index_key": 0,
          "schema_version": 1,
          "attributes": {
            "arn": "arn:aws:ec2:us-east-2:623469066856:subnet/subnet-06b67b1b87ad714ac",
            "assign_ipv6_address_on_creation": false,
            "availability_zone": "us-east-2a",
            "availability_zone_id": "use2-az1",
            "cidr_block": "10.0.0.0/24",
            "customer_owned_ipv4_pool": "",
            "enable_dns64": false,
            "enable_resource_name_dns_a_record_on_launch": false,
            "enable_resource_name_dns_aaaa_record_on_launch": false,
            "id": "subnet-06b67b1b87ad714ac",
            "ipv6_cidr_block": "",
            "ipv6_cidr_block_association_id": "",
            "ipv6_native": false,
            "map_customer_owned_ip_on_launch": false,
            "map_public_ip_on_launch": true,
            "outpost_arn": "",
            "owner_id": "623469066856",
            "private_dns_hostname_type_on_launch": "ip-name",
            "tags": {
              "Name": "mol-eks-demo-node",
              "kubernetes.io/cluster/mol-control-m-eks-demo": "shared"
            },
            "tags_all": {
              "Name": "mol-eks-demo-node",
              "kubernetes.io/cluster/mol-control-m-eks-demo": "shared"
            },
            "timeouts": null,
            "vpc_id": "vpc-024e047739fd0741a"
          },
          "sensitive_attributes": [],
          "private": "eyJlMmJmYjczMC1lY2FhLTExZTYtOGY4OC0zNDM2M2JjN2M0YzAiOnsiY3JlYXRlIjo2MDAwMDAwMDAwMDAsImRlbGV0ZSI6MTIwMDAwMDAwMDAwMH0sInNjaGVtYV92ZXJzaW9uIjoiMSJ9",
          "dependencies": [
            "aws_vpc.demo",
            "data.aws_availability_zones.available"
          ]
        },
        {
          "index_key": 1,
          "schema_version": 1,
          "attributes": {
            "arn": "arn:aws:ec2:us-east-2:623469066856:subnet/subnet-0d6bda5b9c49bd37e",
            "assign_ipv6_address_on_creation": false,
            "availability_zone": "us-east-2b",
            "availability_zone_id": "use2-az2",
            "cidr_block": "10.0.1.0/24",
            "customer_owned_ipv4_pool": "",
            "enable_dns64": false,
            "enable_resource_name_dns_a_record_on_launch": false,
            "enable_resource_name_dns_aaaa_record_on_launch": false,
            "id": "subnet-0d6bda5b9c49bd37e",
            "ipv6_cidr_block": "",
            "ipv6_cidr_block_association_id": "",
            "ipv6_native": false,
            "map_customer_owned_ip_on_launch": false,
            "map_public_ip_on_launch": true,
            "outpost_arn": "",
            "owner_id": "623469066856",
            "private_dns_hostname_type_on_launch": "ip-name",
            "tags": {
              "Name": "mol-eks-demo-node",
              "kubernetes.io/cluster/mol-control-m-eks-demo": "shared"
            },
            "tags_all": {
              "Name": "mol-eks-demo-node",
              "kubernetes.io/cluster/mol-control-m-eks-demo": "shared"
            },
            "timeouts": null,
            "vpc_id": "vpc-024e047739fd0741a"
          },
          "sensitive_attributes": [],
          "private": "eyJlMmJmYjczMC1lY2FhLTExZTYtOGY4OC0zNDM2M2JjN2M0YzAiOnsiY3JlYXRlIjo2MDAwMDAwMDAwMDAsImRlbGV0ZSI6MTIwMDAwMDAwMDAwMH0sInNjaGVtYV92ZXJzaW9uIjoiMSJ9",
          "dependencies": [
            "aws_vpc.demo",
            "data.aws_availability_zones.available"
          ]
        }
      ]
    },
    {
      "mode": "managed",
      "type": "aws_vpc",
      "name": "demo",
      "provider": "provider[\"registry.terraform.io/hashicorp/aws\"]",
      "instances": [
        {
          "schema_version": 1,
          "attributes": {
            "arn": "arn:aws:ec2:us-east-2:623469066856:vpc/vpc-024e047739fd0741a",
            "assign_generated_ipv6_cidr_block": false,
            "cidr_block": "10.0.0.0/16",
            "default_network_acl_id": "acl-033cb6fc84c8aec5f",
            "default_route_table_id": "rtb-00381bdf7ea8341ec",
            "default_security_group_id": "sg-0f77d3f2fce9ee35b",
            "dhcp_options_id": "dopt-936037fa",
            "enable_classiclink": false,
            "enable_classiclink_dns_support": false,
            "enable_dns_hostnames": false,
            "enable_dns_support": true,
            "id": "vpc-024e047739fd0741a",
            "instance_tenancy": "default",
            "ipv4_ipam_pool_id": null,
            "ipv4_netmask_length": null,
            "ipv6_association_id": "",
            "ipv6_cidr_block": "",
            "ipv6_cidr_block_network_border_group": "",
            "ipv6_ipam_pool_id": "",
            "ipv6_netmask_length": 0,
            "main_route_table_id": "rtb-00381bdf7ea8341ec",
            "owner_id": "623469066856",
            "tags": {
              "Name": "mol-eks-demo-node",
              "kubernetes.io/cluster/mol-control-m-eks-demo": "shared"
            },
            "tags_all": {
              "Name": "mol-eks-demo-node",
              "kubernetes.io/cluster/mol-control-m-eks-demo": "shared"
            }
          },
          "sensitive_attributes": [],
          "private": "eyJzY2hlbWFfdmVyc2lvbiI6IjEifQ=="
        }
      ]
    }
  ]
}
